// !$*UTF8*$!
{
	archiveVersion = 1;
	classes = {
	};
	objectVersion = 55;
	objects = {

/* Begin PBXBuildFile section */
		28BFB10228835C34003F9A0F /* AppDelegate.swift in Sources */ = {isa = PBXBuildFile; fileRef = 28BFB10128835C34003F9A0F /* AppDelegate.swift */; };
		28BFB10428835C34003F9A0F /* SceneDelegate.swift in Sources */ = {isa = PBXBuildFile; fileRef = 28BFB10328835C34003F9A0F /* SceneDelegate.swift */; };
		28BFB10628835C34003F9A0F /* ViewController.swift in Sources */ = {isa = PBXBuildFile; fileRef = 28BFB10528835C34003F9A0F /* ViewController.swift */; };
		28BFB10928835C34003F9A0F /* Main.storyboard in Resources */ = {isa = PBXBuildFile; fileRef = 28BFB10728835C34003F9A0F /* Main.storyboard */; };
		28BFB10B28835C38003F9A0F /* Assets.xcassets in Resources */ = {isa = PBXBuildFile; fileRef = 28BFB10A28835C38003F9A0F /* Assets.xcassets */; };
		28BFB10E28835C38003F9A0F /* LaunchScreen.storyboard in Resources */ = {isa = PBXBuildFile; fileRef = 28BFB10C28835C38003F9A0F /* LaunchScreen.storyboard */; };
		28BFB11928835C38003F9A0F /* PreWorkTests.swift in Sources */ = {isa = PBXBuildFile; fileRef = 28BFB11828835C38003F9A0F /* PreWorkTests.swift */; };
		28BFB12328835C38003F9A0F /* PreWorkUITests.swift in Sources */ = {isa = PBXBuildFile; fileRef = 28BFB12228835C38003F9A0F /* PreWorkUITests.swift */; };
		28BFB12528835C38003F9A0F /* PreWorkUITestsLaunchTests.swift in Sources */ = {isa = PBXBuildFile; fileRef = 28BFB12428835C38003F9A0F /* PreWorkUITestsLaunchTests.swift */; };
/* End PBXBuildFile section */

/* Begin PBXContainerItemProxy section */
		28BFB11528835C38003F9A0F /* PBXContainerItemProxy */ = {
			isa = PBXContainerItemProxy;
			containerPortal = 28BFB0F628835C34003F9A0F /* Project object */;
			proxyType = 1;
			remoteGlobalIDString = 28BFB0FD28835C34003F9A0F;
			remoteInfo = PreWork;
		};
		28BFB11F28835C38003F9A0F /* PBXContainerItemProxy */ = {
			isa = PBXContainerItemProxy;
			containerPortal = 28BFB0F628835C34003F9A0F /* Project object */;
			proxyType = 1;
			remoteGlobalIDString = 28BFB0FD28835C34003F9A0F;
			remoteInfo = PreWork;
		};
/* End PBXContainerItemProxy section */

/* Begin PBXFileReference section */
		28BFB0FE28835C34003F9A0F /* PreWork.app */ = {isa = PBXFileReference; explicitFileType = wrapper.application; includeInIndex = 0; path = PreWork.app; sourceTree = BUILT_PRODUCTS_DIR; };
		28BFB10128835C34003F9A0F /* AppDelegate.swift */ = {isa = PBXFileReference; lastKnownFileType = sourcecode.swift; path = AppDelegate.swift; sourceTree = "<group>"; };
		28BFB10328835C34003F9A0F /* SceneDelegate.swift */ = {isa = PBXFileReference; lastKnownFileType = sourcecode.swift; path = SceneDelegate.swift; sourceTree = "<group>"; };
		28BFB10528835C34003F9A0F /* ViewController.swift */ = {isa = PBXFileReference; lastKnownFileType = sourcecode.swift; path = ViewController.swift; sourceTree = "<group>"; };
		28BFB10828835C34003F9A0F /* Base */ = {isa = PBXFileReference; lastKnownFileType = file.storyboard; name = Base; path = Base.lproj/Main.storyboard; sourceTree = "<group>"; };
		28BFB10A28835C38003F9A0F /* Assets.xcassets */ = {isa = PBXFileReference; lastKnownFileType = folder.assetcatalog; path = Assets.xcassets; sourceTree = "<group>"; };
		28BFB10D28835C38003F9A0F /* Base */ = {isa = PBXFileReference; lastKnownFileType = file.storyboard; name = Base; path = Base.lproj/LaunchScreen.storyboard; sourceTree = "<group>"; };
		28BFB10F28835C38003F9A0F /* Info.plist */ = {isa = PBXFileReference; lastKnownFileType = text.plist.xml; path = Info.plist; sourceTree = "<group>"; };
		28BFB11428835C38003F9A0F /* PreWorkTests.xctest */ = {isa = PBXFileReference; explicitFileType = wrapper.cfbundle; includeInIndex = 0; path = PreWorkTests.xctest; sourceTree = BUILT_PRODUCTS_DIR; };
		28BFB11828835C38003F9A0F /* PreWorkTests.swift */ = {isa = PBXFileReference; lastKnownFileType = sourcecode.swift; path = PreWorkTests.swift; sourceTree = "<group>"; };
		28BFB11E28835C38003F9A0F /* PreWorkUITests.xctest */ = {isa = PBXFileReference; explicitFileType = wrapper.cfbundle; includeInIndex = 0; path = PreWorkUITests.xctest; sourceTree = BUILT_PRODUCTS_DIR; };
		28BFB12228835C38003F9A0F /* PreWorkUITests.swift */ = {isa = PBXFileReference; lastKnownFileType = sourcecode.swift; path = PreWorkUITests.swift; sourceTree = "<group>"; };
		28BFB12428835C38003F9A0F /* PreWorkUITestsLaunchTests.swift */ = {isa = PBXFileReference; lastKnownFileType = sourcecode.swift; path = PreWorkUITestsLaunchTests.swift; sourceTree = "<group>"; };
/* End PBXFileReference section */

/* Begin PBXFrameworksBuildPhase section */
		28BFB0FB28835C34003F9A0F /* Frameworks */ = {
			isa = PBXFrameworksBuildPhase;
			buildActionMask = 2147483647;
			files = (
			);
			runOnlyForDeploymentPostprocessing = 0;
		};
		28BFB11128835C38003F9A0F /* Frameworks */ = {
			isa = PBXFrameworksBuildPhase;
			buildActionMask = 2147483647;
			files = (
			);
			runOnlyForDeploymentPostprocessing = 0;
		};
		28BFB11B28835C38003F9A0F /* Frameworks */ = {
			isa = PBXFrameworksBuildPhase;
			buildActionMask = 2147483647;
			files = (
			);
			runOnlyForDeploymentPostprocessing = 0;
		};
/* End PBXFrameworksBuildPhase section */

/* Begin PBXGroup section */
		28BFB0F528835C34003F9A0F = {
			isa = PBXGroup;
			children = (
				28BFB10028835C34003F9A0F /* PreWork */,
				28BFB11728835C38003F9A0F /* PreWorkTests */,
				28BFB12128835C38003F9A0F /* PreWorkUITests */,
				28BFB0FF28835C34003F9A0F /* Products */,
			);
			sourceTree = "<group>";
		};
		28BFB0FF28835C34003F9A0F /* Products */ = {
			isa = PBXGroup;
			children = (
				28BFB0FE28835C34003F9A0F /* PreWork.app */,
				28BFB11428835C38003F9A0F /* PreWorkTests.xctest */,
				28BFB11E28835C38003F9A0F /* PreWorkUITests.xctest */,
			);
			name = Products;
			sourceTree = "<group>";
		};
		28BFB10028835C34003F9A0F /* PreWork */ = {
			isa = PBXGroup;
			children = (
				28BFB10128835C34003F9A0F /* AppDelegate.swift */,
				28BFB10328835C34003F9A0F /* SceneDelegate.swift */,
				28BFB10528835C34003F9A0F /* ViewController.swift */,
				28BFB10728835C34003F9A0F /* Main.storyboard */,
				28BFB10A28835C38003F9A0F /* Assets.xcassets */,
				28BFB10C28835C38003F9A0F /* LaunchScreen.storyboard */,
				28BFB10F28835C38003F9A0F /* Info.plist */,
			);
			path = PreWork;
			sourceTree = "<group>";
		};
		28BFB11728835C38003F9A0F /* PreWorkTests */ = {
			isa = PBXGroup;
			children = (
				28BFB11828835C38003F9A0F /* PreWorkTests.swift */,
			);
			path = PreWorkTests;
			sourceTree = "<group>";
		};
		28BFB12128835C38003F9A0F /* PreWorkUITests */ = {
			isa = PBXGroup;
			children = (
				28BFB12228835C38003F9A0F /* PreWorkUITests.swift */,
				28BFB12428835C38003F9A0F /* PreWorkUITestsLaunchTests.swift */,
			);
			path = PreWorkUITests;
			sourceTree = "<group>";
		};
/* End PBXGroup section */

/* Begin PBXNativeTarget section */
		28BFB0FD28835C34003F9A0F /* PreWork */ = {
			isa = PBXNativeTarget;
			buildConfigurationList = 28BFB12828835C38003F9A0F /* Build configuration list for PBXNativeTarget "PreWork" */;
			buildPhases = (
				28BFB0FA28835C34003F9A0F /* Sources */,
				28BFB0FB28835C34003F9A0F /* Frameworks */,
				28BFB0FC28835C34003F9A0F /* Resources */,
			);
			buildRules = (
			);
			dependencies = (
			);
			name = PreWork;
			productName = PreWork;
			productReference = 28BFB0FE28835C34003F9A0F /* PreWork.app */;
			productType = "com.apple.product-type.application";
		};
		28BFB11328835C38003F9A0F /* PreWorkTests */ = {
			isa = PBXNativeTarget;
			buildConfigurationList = 28BFB12B28835C38003F9A0F /* Build configuration list for PBXNativeTarget "PreWorkTests" */;
			buildPhases = (
				28BFB11028835C38003F9A0F /* Sources */,
				28BFB11128835C38003F9A0F /* Frameworks */,
				28BFB11228835C38003F9A0F /* Resources */,
			);
			buildRules = (
			);
			dependencies = (
				28BFB11628835C38003F9A0F /* PBXTargetDependency */,
			);
			name = PreWorkTests;
			productName = PreWorkTests;
			productReference = 28BFB11428835C38003F9A0F /* PreWorkTests.xctest */;
			productType = "com.apple.product-type.bundle.unit-test";
		};
		28BFB11D28835C38003F9A0F /* PreWorkUITests */ = {
			isa = PBXNativeTarget;
			buildConfigurationList = 28BFB12E28835C38003F9A0F /* Build configuration list for PBXNativeTarget "PreWorkUITests" */;
			buildPhases = (
				28BFB11A28835C38003F9A0F /* Sources */,
				28BFB11B28835C38003F9A0F /* Frameworks */,
				28BFB11C28835C38003F9A0F /* Resources */,
			);
			buildRules = (
			);
			dependencies = (
				28BFB12028835C38003F9A0F /* PBXTargetDependency */,
			);
			name = PreWorkUITests;
			productName = PreWorkUITests;
			productReference = 28BFB11E28835C38003F9A0F /* PreWorkUITests.xctest */;
			productType = "com.apple.product-type.bundle.ui-testing";
		};
/* End PBXNativeTarget section */

/* Begin PBXProject section */
		28BFB0F628835C34003F9A0F /* Project object */ = {
			isa = PBXProject;
			attributes = {
				BuildIndependentTargetsInParallel = 1;
				LastSwiftUpdateCheck = 1340;
				LastUpgradeCheck = 1340;
				TargetAttributes = {
					28BFB0FD28835C34003F9A0F = {
						CreatedOnToolsVersion = 13.4.1;
					};
					28BFB11328835C38003F9A0F = {
						CreatedOnToolsVersion = 13.4.1;
						TestTargetID = 28BFB0FD28835C34003F9A0F;
					};
					28BFB11D28835C38003F9A0F = {
						CreatedOnToolsVersion = 13.4.1;
						TestTargetID = 28BFB0FD28835C34003F9A0F;
					};
				};
			};
			buildConfigurationList = 28BFB0F928835C34003F9A0F /* Build configuration list for PBXProject "PreWork" */;
			compatibilityVersion = "Xcode 13.0";
			developmentRegion = en;
			hasScannedForEncodings = 0;
			knownRegions = (
				en,
				Base,
			);
			mainGroup = 28BFB0F528835C34003F9A0F;
			productRefGroup = 28BFB0FF28835C34003F9A0F /* Products */;
			projectDirPath = "";
			projectRoot = "";
			targets = (
				28BFB0FD28835C34003F9A0F /* PreWork */,
				28BFB11328835C38003F9A0F /* PreWorkTests */,
				28BFB11D28835C38003F9A0F /* PreWorkUITests */,
			);
		};
/* End PBXProject section */

/* Begin PBXResourcesBuildPhase section */
		28BFB0FC28835C34003F9A0F /* Resources */ = {
			isa = PBXResourcesBuildPhase;
			buildActionMask = 2147483647;
			files = (
				28BFB10E28835C38003F9A0F /* LaunchScreen.storyboard in Resources */,
				28BFB10B28835C38003F9A0F /* Assets.xcassets in Resources */,
				28BFB10928835C34003F9A0F /* Main.storyboard in Resources */,
			);
			runOnlyForDeploymentPostprocessing = 0;
		};
		28BFB11228835C38003F9A0F /* Resources */ = {
			isa = PBXResourcesBuildPhase;
			buildActionMask = 2147483647;
			files = (
			);
			runOnlyForDeploymentPostprocessing = 0;
		};
		28BFB11C28835C38003F9A0F /* Resources */ = {
			isa = PBXResourcesBuildPhase;
			buildActionMask = 2147483647;
			files = (
			);
			runOnlyForDeploymentPostprocessing = 0;
		};
/* End PBXResourcesBuildPhase section */

/* Begin PBXSourcesBuildPhase section */
		28BFB0FA28835C34003F9A0F /* Sources */ = {
			isa = PBXSourcesBuildPhase;
			buildActionMask = 2147483647;
			files = (
				28BFB10628835C34003F9A0F /* ViewController.swift in Sources */,
				28BFB10228835C34003F9A0F /* AppDelegate.swift in Sources */,
				28BFB10428835C34003F9A0F /* SceneDelegate.swift in Sources */,
			);
			runOnlyForDeploymentPostprocessing = 0;
		};
		28BFB11028835C38003F9A0F /* Sources */ = {
			isa = PBXSourcesBuildPhase;
			buildActionMask = 2147483647;
			files = (
				28BFB11928835C38003F9A0F /* PreWorkTests.swift in Sources */,
			);
			runOnlyForDeploymentPostprocessing = 0;
		};
		28BFB11A28835C38003F9A0F /* Sources */ = {
			isa = PBXSourcesBuildPhase;
			buildActionMask = 2147483647;
			files = (
				28BFB12328835C38003F9A0F /* PreWorkUITests.swift in Sources */,
				28BFB12528835C38003F9A0F /* PreWorkUITestsLaunchTests.swift in Sources */,
			);
			runOnlyForDeploymentPostprocessing = 0;
		};
/* End PBXSourcesBuildPhase section */

/* Begin PBXTargetDependency section */
		28BFB11628835C38003F9A0F /* PBXTargetDependency */ = {
			isa = PBXTargetDependency;
			target = 28BFB0FD28835C34003F9A0F /* PreWork */;
			targetProxy = 28BFB11528835C38003F9A0F /* PBXContainerItemProxy */;
		};
		28BFB12028835C38003F9A0F /* PBXTargetDependency */ = {
			isa = PBXTargetDependency;
			target = 28BFB0FD28835C34003F9A0F /* PreWork */;
			targetProxy = 28BFB11F28835C38003F9A0F /* PBXContainerItemProxy */;
		};
/* End PBXTargetDependency section */

/* Begin PBXVariantGroup section */
		28BFB10728835C34003F9A0F /* Main.storyboard */ = {
			isa = PBXVariantGroup;
			children = (
				28BFB10828835C34003F9A0F /* Base */,
			);
			name = Main.storyboard;
			sourceTree = "<group>";
		};
		28BFB10C28835C38003F9A0F /* LaunchScreen.storyboard */ = {
			isa = PBXVariantGroup;
			children = (
				28BFB10D28835C38003F9A0F /* Base */,
			);
			name = LaunchScreen.storyboard;
			sourceTree = "<group>";
		};
/* End PBXVariantGroup section */

/* Begin XCBuildConfiguration section */
		28BFB12628835C38003F9A0F /* Debug */ = {
			isa = XCBuildConfiguration;
			buildSettings = {
				ALWAYS_SEARCH_USER_PATHS = NO;
				CLANG_ANALYZER_NONNULL = YES;
				CLANG_ANALYZER_NUMBER_OBJECT_CONVERSION = YES_AGGRESSIVE;
				CLANG_CXX_LANGUAGE_STANDARD = "gnu++17";
				CLANG_ENABLE_MODULES = YES;
				CLANG_ENABLE_OBJC_ARC = YES;
				CLANG_ENABLE_OBJC_WEAK = YES;
				CLANG_WARN_BLOCK_CAPTURE_AUTORELEASING = YES;
				CLANG_WARN_BOOL_CONVERSION = YES;
				CLANG_WARN_COMMA = YES;
				CLANG_WARN_CONSTANT_CONVERSION = YES;
				CLANG_WARN_DEPRECATED_OBJC_IMPLEMENTATIONS = YES;
				CLANG_WARN_DIRECT_OBJC_ISA_USAGE = YES_ERROR;
				CLANG_WARN_DOCUMENTATION_COMMENTS = YES;
				CLANG_WARN_EMPTY_BODY = YES;
				CLANG_WARN_ENUM_CONVERSION = YES;
				CLANG_WARN_INFINITE_RECURSION = YES;
				CLANG_WARN_INT_CONVERSION = YES;
				CLANG_WARN_NON_LITERAL_NULL_CONVERSION = YES;
				CLANG_WARN_OBJC_IMPLICIT_RETAIN_SELF = YES;
				CLANG_WARN_OBJC_LITERAL_CONVERSION = YES;
				CLANG_WARN_OBJC_ROOT_CLASS = YES_ERROR;
				CLANG_WARN_QUOTED_INCLUDE_IN_FRAMEWORK_HEADER = YES;
				CLANG_WARN_RANGE_LOOP_ANALYSIS = YES;
				CLANG_WARN_STRICT_PROTOTYPES = YES;
				CLANG_WARN_SUSPICIOUS_MOVE = YES;
				CLANG_WARN_UNGUARDED_AVAILABILITY = YES_AGGRESSIVE;
				CLANG_WARN_UNREACHABLE_CODE = YES;
				CLANG_WARN__DUPLICATE_METHOD_MATCH = YES;
				COPY_PHASE_STRIP = NO;
				DEBUG_INFORMATION_FORMAT = dwarf;
				ENABLE_STRICT_OBJC_MSGSEND = YES;
				ENABLE_TESTABILITY = YES;
				GCC_C_LANGUAGE_STANDARD = gnu11;
				GCC_DYNAMIC_NO_PIC = NO;
				GCC_NO_COMMON_BLOCKS = YES;
				GCC_OPTIMIZATION_LEVEL = 0;
				GCC_PREPROCESSOR_DEFINITIONS = (
					"DEBUG=1",
					"$(inherited)",
				);
				GCC_WARN_64_TO_32_BIT_CONVERSION = YES;
				GCC_WARN_ABOUT_RETURN_TYPE = YES_ERROR;
				GCC_WARN_UNDECLARED_SELECTOR = YES;
				GCC_WARN_UNINITIALIZED_AUTOS = YES_AGGRESSIVE;
				GCC_WARN_UNUSED_FUNCTION = YES;
				GCC_WARN_UNUSED_VARIABLE = YES;
				IPHONEOS_DEPLOYMENT_TARGET = 15.5;
				MTL_ENABLE_DEBUG_INFO = INCLUDE_SOURCE;
				MTL_FAST_MATH = YES;
				ONLY_ACTIVE_ARCH = YES;
				SDKROOT = iphoneos;
				SWIFT_ACTIVE_COMPILATION_CONDITIONS = DEBUG;
				SWIFT_OPTIMIZATION_LEVEL = "-Onone";
			};
			name = Debug;
		};
		28BFB12728835C38003F9A0F /* Release */ = {
			isa = XCBuildConfiguration;
			buildSettings = {
				ALWAYS_SEARCH_USER_PATHS = NO;
				CLANG_ANALYZER_NONNULL = YES;
				CLANG_ANALYZER_NUMBER_OBJECT_CONVERSION = YES_AGGRESSIVE;
				CLANG_CXX_LANGUAGE_STANDARD = "gnu++17";
				CLANG_ENABLE_MODULES = YES;
				CLANG_ENABLE_OBJC_ARC = YES;
				CLANG_ENABLE_OBJC_WEAK = YES;
				CLANG_WARN_BLOCK_CAPTURE_AUTORELEASING = YES;
				CLANG_WARN_BOOL_CONVERSION = YES;
				CLANG_WARN_COMMA = YES;
				CLANG_WARN_CONSTANT_CONVERSION = YES;
				CLANG_WARN_DEPRECATED_OBJC_IMPLEMENTATIONS = YES;
				CLANG_WARN_DIRECT_OBJC_ISA_USAGE = YES_ERROR;
				CLANG_WARN_DOCUMENTATION_COMMENTS = YES;
				CLANG_WARN_EMPTY_BODY = YES;
				CLANG_WARN_ENUM_CONVERSION = YES;
				CLANG_WARN_INFINITE_RECURSION = YES;
				CLANG_WARN_INT_CONVERSION = YES;
				CLANG_WARN_NON_LITERAL_NULL_CONVERSION = YES;
				CLANG_WARN_OBJC_IMPLICIT_RETAIN_SELF = YES;
				CLANG_WARN_OBJC_LITERAL_CONVERSION = YES;
				CLANG_WARN_OBJC_ROOT_CLASS = YES_ERROR;
				CLANG_WARN_QUOTED_INCLUDE_IN_FRAMEWORK_HEADER = YES;
				CLANG_WARN_RANGE_LOOP_ANALYSIS = YES;
				CLANG_WARN_STRICT_PROTOTYPES = YES;
				CLANG_WARN_SUSPICIOUS_MOVE = YES;
				CLANG_WARN_UNGUARDED_AVAILABILITY = YES_AGGRESSIVE;
				CLANG_WARN_UNREACHABLE_CODE = YES;
				CLANG_WARN__DUPLICATE_METHOD_MATCH = YES;
				COPY_PHASE_STRIP = NO;
				DEBUG_INFORMATION_FORMAT = "dwarf-with-dsym";
				ENABLE_NS_ASSERTIONS = NO;
				ENABLE_STRICT_OBJC_MSGSEND = YES;
				GCC_C_LANGUAGE_STANDARD = gnu11;
				GCC_NO_COMMON_BLOCKS = YES;
				GCC_WARN_64_TO_32_BIT_CONVERSION = YES;
				GCC_WARN_ABOUT_RETURN_TYPE = YES_ERROR;
				GCC_WARN_UNDECLARED_SELECTOR = YES;
				GCC_WARN_UNINITIALIZED_AUTOS = YES_AGGRESSIVE;
				GCC_WARN_UNUSED_FUNCTION = YES;
				GCC_WARN_UNUSED_VARIABLE = YES;
				IPHONEOS_DEPLOYMENT_TARGET = 15.5;
				MTL_ENABLE_DEBUG_INFO = NO;
				MTL_FAST_MATH = YES;
				SDKROOT = iphoneos;
				SWIFT_COMPILATION_MODE = wholemodule;
				SWIFT_OPTIMIZATION_LEVEL = "-O";
				VALIDATE_PRODUCT = YES;
			};
			name = Release;
		};
		28BFB12928835C38003F9A0F /* Debug */ = {
			isa = XCBuildConfiguration;
			buildSettings = {
				ASSETCATALOG_COMPILER_APPICON_NAME = AppIcon;
				ASSETCATALOG_COMPILER_GLOBAL_ACCENT_COLOR_NAME = AccentColor;
				CODE_SIGN_STYLE = Automatic;
				CURRENT_PROJECT_VERSION = 1;
				GENERATE_INFOPLIST_FILE = YES;
				INFOPLIST_FILE = PreWork/Info.plist;
				INFOPLIST_KEY_UIApplicationSupportsIndirectInputEvents = YES;
				INFOPLIST_KEY_UILaunchStoryboardName = LaunchScreen;
				INFOPLIST_KEY_UIMainStoryboardFile = Main;
				INFOPLIST_KEY_UISupportedInterfaceOrientations_iPad = "UIInterfaceOrientationPortrait UIInterfaceOrientationPortraitUpsideDown UIInterfaceOrientationLandscapeLeft UIInterfaceOrientationLandscapeRight";
				INFOPLIST_KEY_UISupportedInterfaceOrientations_iPhone = "UIInterfaceOrientationPortrait UIInterfaceOrientationLandscapeLeft UIInterfaceOrientationLandscapeRight";
				LD_RUNPATH_SEARCH_PATHS = (
					"$(inherited)",
					"@executable_path/Frameworks",
				);
				MARKETING_VERSION = 1.0;
				PRODUCT_BUNDLE_IDENTIFIER = lester.PreWork;
				PRODUCT_NAME = "$(TARGET_NAME)";
				SWIFT_EMIT_LOC_STRINGS = YES;
				SWIFT_VERSION = 5.0;
				TARGETED_DEVICE_FAMILY = "1,2";
			};
			name = Debug;
		};
		28BFB12A28835C38003F9A0F /* Release */ = {
			isa = XCBuildConfiguration;
			buildSettings = {
				ASSETCATALOG_COMPILER_APPICON_NAME = AppIcon;
				ASSETCATALOG_COMPILER_GLOBAL_ACCENT_COLOR_NAME = AccentColor;
				CODE_SIGN_STYLE = Automatic;
				CURRENT_PROJECT_VERSION = 1;
				GENERATE_INFOPLIST_FILE = YES;
				INFOPLIST_FILE = PreWork/Info.plist;
				INFOPLIST_KEY_UIApplicationSupportsIndirectInputEvents = YES;
				INFOPLIST_KEY_UILaunchStoryboardName = LaunchScreen;
				INFOPLIST_KEY_UIMainStoryboardFile = Main;
				INFOPLIST_KEY_UISupportedInterfaceOrientations_iPad = "UIInterfaceOrientationPortrait UIInterfaceOrientationPortraitUpsideDown UIInterfaceOrientationLandscapeLeft UIInterfaceOrientationLandscapeRight";
				INFOPLIST_KEY_UISupportedInterfaceOrientations_iPhone = "UIInterfaceOrientationPortrait UIInterfaceOrientationLandscapeLeft UIInterfaceOrientationLandscapeRight";
				LD_RUNPATH_SEARCH_PATHS = (
					"$(inherited)",
					"@executable_path/Frameworks",
				);
				MARKETING_VERSION = 1.0;
				PRODUCT_BUNDLE_IDENTIFIER = lester.PreWork;
				PRODUCT_NAME = "$(TARGET_NAME)";
				SWIFT_EMIT_LOC_STRINGS = YES;
				SWIFT_VERSION = 5.0;
				TARGETED_DEVICE_FAMILY = "1,2";
			};
			name = Release;
		};
		28BFB12C28835C38003F9A0F /* Debug */ = {
			isa = XCBuildConfiguration;
			buildSettings = {
				ALWAYS_EMBED_SWIFT_STANDARD_LIBRARIES = YES;
				BUNDLE_LOADER = "$(TEST_HOST)";
				CODE_SIGN_STYLE = Automatic;
				CURRENT_PROJECT_VERSION = 1;
				GENERATE_INFOPLIST_FILE = YES;
				IPHONEOS_DEPLOYMENT_TARGET = 15.5;
				MARKETING_VERSION = 1.0;
				PRODUCT_BUNDLE_IDENTIFIER = lester.PreWorkTests;
				PRODUCT_NAME = "$(TARGET_NAME)";
				SWIFT_EMIT_LOC_STRINGS = NO;
				SWIFT_VERSION = 5.0;
				TARGETED_DEVICE_FAMILY = "1,2";
				TEST_HOST = "$(BUILT_PRODUCTS_DIR)/PreWork.app/PreWork";
			};
			name = Debug;
		};
		28BFB12D28835C38003F9A0F /* Release */ = {
			isa = XCBuildConfiguration;
			buildSettings = {
				ALWAYS_EMBED_SWIFT_STANDARD_LIBRARIES = YES;
				BUNDLE_LOADER = "$(TEST_HOST)";
				CODE_SIGN_STYLE = Automatic;
				CURRENT_PROJECT_VERSION = 1;
				GENERATE_INFOPLIST_FILE = YES;
				IPHONEOS_DEPLOYMENT_TARGET = 15.5;
				MARKETING_VERSION = 1.0;
				PRODUCT_BUNDLE_IDENTIFIER = lester.PreWorkTests;
				PRODUCT_NAME = "$(TARGET_NAME)";
				SWIFT_EMIT_LOC_STRINGS = NO;
				SWIFT_VERSION = 5.0;
				TARGETED_DEVICE_FAMILY = "1,2";
				TEST_HOST = "$(BUILT_PRODUCTS_DIR)/PreWork.app/PreWork";
			};
			name = Release;
		};
		28BFB12F28835C38003F9A0F /* Debug */ = {
			isa = XCBuildConfiguration;
			buildSettings = {
				ALWAYS_EMBED_SWIFT_STANDARD_LIBRARIES = YES;
				CODE_SIGN_STYLE = Automatic;
				CURRENT_PROJECT_VERSION = 1;
				GENERATE_INFOPLIST_FILE = YES;
				MARKETING_VERSION = 1.0;
				PRODUCT_BUNDLE_IDENTIFIER = lester.PreWorkUITests;
				PRODUCT_NAME = "$(TARGET_NAME)";
				SWIFT_EMIT_LOC_STRINGS = NO;
				SWIFT_VERSION = 5.0;
				TARGETED_DEVICE_FAMILY = "1,2";
				TEST_TARGET_NAME = PreWork;
			};
			name = Debug;
		};
		28BFB13028835C38003F9A0F /* Release */ = {
			isa = XCBuildConfiguration;
			buildSettings = {
				ALWAYS_EMBED_SWIFT_STANDARD_LIBRARIES = YES;
				CODE_SIGN_STYLE = Automatic;
				CURRENT_PROJECT_VERSION = 1;
				GENERATE_INFOPLIST_FILE = YES;
				MARKETING_VERSION = 1.0;
				PRODUCT_BUNDLE_IDENTIFIER = lester.PreWorkUITests;
				PRODUCT_NAME = "$(TARGET_NAME)";
				SWIFT_EMIT_LOC_STRINGS = NO;
				SWIFT_VERSION = 5.0;
				TARGETED_DEVICE_FAMILY = "1,2";
				TEST_TARGET_NAME = PreWork;
			};
			name = Release;
		};
/* End XCBuildConfiguration section */

/* Begin XCConfigurationList section */
		28BFB0F928835C34003F9A0F /* Build configuration list for PBXProject "PreWork" */ = {
			isa = XCConfigurationList;
			buildConfigurations = (
				28BFB12628835C38003F9A0F /* Debug */,
				28BFB12728835C38003F9A0F /* Release */,
			);
			defaultConfigurationIsVisible = 0;
			defaultConfigurationName = Release;
		};
		28BFB12828835C38003F9A0F /* Build configuration list for PBXNativeTarget "PreWork" */ = {
			isa = XCConfigurationList;
			buildConfigurations = (
				28BFB12928835C38003F9A0F /* Debug */,
				28BFB12A28835C38003F9A0F /* Release */,
			);
			defaultConfigurationIsVisible = 0;
			defaultConfigurationName = Release;
		};
		28BFB12B28835C38003F9A0F /* Build configuration list for PBXNativeTarget "PreWorkTests" */ = {
			isa = XCConfigurationList;
			buildConfigurations = (
				28BFB12C28835C38003F9A0F /* Debug */,
				28BFB12D28835C38003F9A0F /* Release */,
			);
			defaultConfigurationIsVisible = 0;
			defaultConfigurationName = Release;
		};
		28BFB12E28835C38003F9A0F /* Build configuration list for PBXNativeTarget "PreWorkUITests" */ = {
			isa = XCConfigurationList;
			buildConfigurations = (
				28BFB12F28835C38003F9A0F /* Debug */,
				28BFB13028835C38003F9A0F /* Release */,
			);
			defaultConfigurationIsVisible = 0;
			defaultConfigurationName = Release;
		};
/* End XCConfigurationList section */
	};
	rootObject = 28BFB0F628835C34003F9A0F /* Project object */;
}
